
Microsoft Visual Studio Solution File, Format Version 12.00
# Visual Studio 15
VisualStudioVersion = 15.0.28307.572
MinimumVisualStudioVersion = 10.0.40219.1
Project("{FAE04EC0-301F-11D3-BF4B-00C04F79EFBC}") = "BlogProject", "BlogProject\BlogProject.csproj", "{D1C4550D-0B95-455E-B3F9-AE6BB485B362}"
EndProject
Global
	GlobalSection(SolutionConfigurationPlatforms) = preSolution
		Debug|Any CPU = Debug|Any CPU
		Release|Any CPU = Release|Any CPU
	EndGlobalSection
	GlobalSection(ProjectConfigurationPlatforms) = postSolution
		{D1C4550D-0B95-455E-B3F9-AE6BB485B362}.Debug|Any CPU.ActiveCfg = Debug|Any CPU
		{D1C4550D-0B95-455E-B3F9-AE6BB485B362}.Debug|Any CPU.Build.0 = Debug|Any CPU
		{D1C4550D-0B95-455E-B3F9-AE6BB485B362}.Release|Any CPU.ActiveCfg = Release|Any CPU
		{D1C4550D-0B95-455E-B3F9-AE6BB485B362}.Release|Any CPU.Build.0 = Release|Any CPU
	EndGlobalSection
	GlobalSection(SolutionProperties) = preSolution
		HideSolutionNode = FALSE
	EndGlobalSection
	GlobalSection(ExtensibilityGlobals) = postSolution
		SolutionGuid = {B5CFF3EE-41E8-4150-9949-3969B2FD3437}
	EndGlobalSection
EndGlobal
